// !$*UTF8*$!
{
	archiveVersion = 1;
	classes = {
	};
	objectVersion = 50;
	objects = {

/* Begin PBXBuildFile section */
		110B53272464861B002B33BF /* DayInfoContainerView.swift in Sources */ = {isa = PBXBuildFile; fileRef = 110B53262464861B002B33BF /* DayInfoContainerView.swift */; };
		110B532924649627002B33BF /* DayProgressContainerView.swift in Sources */ = {isa = PBXBuildFile; fileRef = 110B532824649627002B33BF /* DayProgressContainerView.swift */; };
		110B532B24649682002B33BF /* BannersView.swift in Sources */ = {isa = PBXBuildFile; fileRef = 110B532A24649682002B33BF /* BannersView.swift */; };
		118E73962469F46000DEFC43 /* SettingsCollecionCell.swift in Sources */ = {isa = PBXBuildFile; fileRef = 118E73952469F46000DEFC43 /* SettingsCollecionCell.swift */; };
		1197ACA424658B50004BA7D4 /* BannersViewModel.swift in Sources */ = {isa = PBXBuildFile; fileRef = 1197ACA324658B50004BA7D4 /* BannersViewModel.swift */; };
		1197ACA62465CE90004BA7D4 /* BannersViewScrollDelegate.swift in Sources */ = {isa = PBXBuildFile; fileRef = 1197ACA52465CE90004BA7D4 /* BannersViewScrollDelegate.swift */; };
		1197ACA82465CEC4004BA7D4 /* BannersViewExtension.swift in Sources */ = {isa = PBXBuildFile; fileRef = 1197ACA72465CEC4004BA7D4 /* BannersViewExtension.swift */; };
		11A96130246EB9A30058DF29 /* NotificationsVC.swift in Sources */ = {isa = PBXBuildFile; fileRef = 11A9612F246EB9A30058DF29 /* NotificationsVC.swift */; };
		11A96132246EDAF20058DF29 /* CountriesVC.swift in Sources */ = {isa = PBXBuildFile; fileRef = 11A96131246EDAF20058DF29 /* CountriesVC.swift */; };
		11A96134246EE5DB0058DF29 /* LanguageVC.swift in Sources */ = {isa = PBXBuildFile; fileRef = 11A96133246EE5DB0058DF29 /* LanguageVC.swift */; };
		11CA63272463663500A16B02 /* ProfileVC.swift in Sources */ = {isa = PBXBuildFile; fileRef = 11CA63262463663500A16B02 /* ProfileVC.swift */; };
		11CA632D24636D7E00A16B02 /* Default-568h@2x.png in Resources */ = {isa = PBXBuildFile; fileRef = 11CA632C24636D7E00A16B02 /* Default-568h@2x.png */; };
		11DE3A8B2466D31F00B6DDAF /* PersonalInformationVC.swift in Sources */ = {isa = PBXBuildFile; fileRef = 11DE3A8A2466D31F00B6DDAF /* PersonalInformationVC.swift */; };
		11DE3A8D2466D3AB00B6DDAF /* BaseCell.swift in Sources */ = {isa = PBXBuildFile; fileRef = 11DE3A8C2466D3AB00B6DDAF /* BaseCell.swift */; };
		11DE3A902466D47B00B6DDAF /* SettingsCell.swift in Sources */ = {isa = PBXBuildFile; fileRef = 11DE3A8F2466D47B00B6DDAF /* SettingsCell.swift */; };
		11EB83E12464652600204DCC /* ConstraintsExtension.swift in Sources */ = {isa = PBXBuildFile; fileRef = 11EB83E02464652600204DCC /* ConstraintsExtension.swift */; };
		11EE9691246D84660090F8DB /* SettingsCellSwitch.swift in Sources */ = {isa = PBXBuildFile; fileRef = 11EE9690246D84660090F8DB /* SettingsCellSwitch.swift */; };
		11EE9693246D89110090F8DB /* SaveCell.swift in Sources */ = {isa = PBXBuildFile; fileRef = 11EE9692246D89110090F8DB /* SaveCell.swift */; };
		11EE9695246D90040090F8DB /* DayTimeVC.swift in Sources */ = {isa = PBXBuildFile; fileRef = 11EE9694246D90040090F8DB /* DayTimeVC.swift */; };
		11EE9698246D96250090F8DB /* SleepView.swift in Sources */ = {isa = PBXBuildFile; fileRef = 11EE9697246D96250090F8DB /* SleepView.swift */; };
		11EE969A246D97540090F8DB /* TitleCell.swift in Sources */ = {isa = PBXBuildFile; fileRef = 11EE9699246D97540090F8DB /* TitleCell.swift */; };
		11EE969C246D985E0090F8DB /* BaseCollectionCell.swift in Sources */ = {isa = PBXBuildFile; fileRef = 11EE969B246D985E0090F8DB /* BaseCollectionCell.swift */; };
		11EE969E246DA3DB0090F8DB /* FoodView.swift in Sources */ = {isa = PBXBuildFile; fileRef = 11EE969D246DA3DB0090F8DB /* FoodView.swift */; };
		11EE96A2246DA6C90090F8DB /* Train.swift in Sources */ = {isa = PBXBuildFile; fileRef = 11EE96A1246DA6C90090F8DB /* Train.swift */; };
		11F567A824630B8E00E606EA /* AppDelegate.swift in Sources */ = {isa = PBXBuildFile; fileRef = 11F567A724630B8E00E606EA /* AppDelegate.swift */; };
		11F567AC24630B8E00E606EA /* MainVC.swift in Sources */ = {isa = PBXBuildFile; fileRef = 11F567AB24630B8E00E606EA /* MainVC.swift */; };
		11F567B124630B9200E606EA /* Assets.xcassets in Resources */ = {isa = PBXBuildFile; fileRef = 11F567B024630B9200E606EA /* Assets.xcassets */; };
		11F567B424630B9200E606EA /* LaunchScreen.storyboard in Resources */ = {isa = PBXBuildFile; fileRef = 11F567B224630B9200E606EA /* LaunchScreen.storyboard */; };
		11F567BC24630E9300E606EA /* SettingsVC.swift in Sources */ = {isa = PBXBuildFile; fileRef = 11F567BB24630E9300E606EA /* SettingsVC.swift */; };
/* End PBXBuildFile section */

/* Begin PBXFileReference section */
		110B53262464861B002B33BF /* DayInfoContainerView.swift */ = {isa = PBXFileReference; lastKnownFileType = sourcecode.swift; path = DayInfoContainerView.swift; sourceTree = "<group>"; };
		110B532824649627002B33BF /* DayProgressContainerView.swift */ = {isa = PBXFileReference; lastKnownFileType = sourcecode.swift; path = DayProgressContainerView.swift; sourceTree = "<group>"; };
		110B532A24649682002B33BF /* BannersView.swift */ = {isa = PBXFileReference; lastKnownFileType = sourcecode.swift; path = BannersView.swift; sourceTree = "<group>"; };
		118E73952469F46000DEFC43 /* SettingsCollecionCell.swift */ = {isa = PBXFileReference; lastKnownFileType = sourcecode.swift; path = SettingsCollecionCell.swift; sourceTree = "<group>"; };
		1197ACA324658B50004BA7D4 /* BannersViewModel.swift */ = {isa = PBXFileReference; lastKnownFileType = sourcecode.swift; path = BannersViewModel.swift; sourceTree = "<group>"; };
		1197ACA52465CE90004BA7D4 /* BannersViewScrollDelegate.swift */ = {isa = PBXFileReference; lastKnownFileType = sourcecode.swift; path = BannersViewScrollDelegate.swift; sourceTree = "<group>"; };
		1197ACA72465CEC4004BA7D4 /* BannersViewExtension.swift */ = {isa = PBXFileReference; lastKnownFileType = sourcecode.swift; path = BannersViewExtension.swift; sourceTree = "<group>"; };
		11A9612F246EB9A30058DF29 /* NotificationsVC.swift */ = {isa = PBXFileReference; lastKnownFileType = sourcecode.swift; path = NotificationsVC.swift; sourceTree = "<group>"; };
		11A96131246EDAF20058DF29 /* CountriesVC.swift */ = {isa = PBXFileReference; lastKnownFileType = sourcecode.swift; path = CountriesVC.swift; sourceTree = "<group>"; };
		11A96133246EE5DB0058DF29 /* LanguageVC.swift */ = {isa = PBXFileReference; lastKnownFileType = sourcecode.swift; path = LanguageVC.swift; sourceTree = "<group>"; };
		11CA63262463663500A16B02 /* ProfileVC.swift */ = {isa = PBXFileReference; lastKnownFileType = sourcecode.swift; path = ProfileVC.swift; sourceTree = "<group>"; };
		11CA632C24636D7E00A16B02 /* Default-568h@2x.png */ = {isa = PBXFileReference; lastKnownFileType = image.png; path = "Default-568h@2x.png"; sourceTree = "<group>"; };
		11DE3A8A2466D31F00B6DDAF /* PersonalInformationVC.swift */ = {isa = PBXFileReference; lastKnownFileType = sourcecode.swift; path = PersonalInformationVC.swift; sourceTree = "<group>"; };
		11DE3A8C2466D3AB00B6DDAF /* BaseCell.swift */ = {isa = PBXFileReference; lastKnownFileType = sourcecode.swift; path = BaseCell.swift; sourceTree = "<group>"; };
		11DE3A8F2466D47B00B6DDAF /* SettingsCell.swift */ = {isa = PBXFileReference; lastKnownFileType = sourcecode.swift; path = SettingsCell.swift; sourceTree = "<group>"; };
		11EB83E02464652600204DCC /* ConstraintsExtension.swift */ = {isa = PBXFileReference; lastKnownFileType = sourcecode.swift; path = ConstraintsExtension.swift; sourceTree = "<group>"; };
		11EE9690246D84660090F8DB /* SettingsCellSwitch.swift */ = {isa = PBXFileReference; lastKnownFileType = sourcecode.swift; path = SettingsCellSwitch.swift; sourceTree = "<group>"; };
		11EE9692246D89110090F8DB /* SaveCell.swift */ = {isa = PBXFileReference; lastKnownFileType = sourcecode.swift; path = SaveCell.swift; sourceTree = "<group>"; };
		11EE9694246D90040090F8DB /* DayTimeVC.swift */ = {isa = PBXFileReference; lastKnownFileType = sourcecode.swift; path = DayTimeVC.swift; sourceTree = "<group>"; };
		11EE9697246D96250090F8DB /* SleepView.swift */ = {isa = PBXFileReference; lastKnownFileType = sourcecode.swift; path = SleepView.swift; sourceTree = "<group>"; };
		11EE9699246D97540090F8DB /* TitleCell.swift */ = {isa = PBXFileReference; lastKnownFileType = sourcecode.swift; path = TitleCell.swift; sourceTree = "<group>"; };
		11EE969B246D985E0090F8DB /* BaseCollectionCell.swift */ = {isa = PBXFileReference; lastKnownFileType = sourcecode.swift; path = BaseCollectionCell.swift; sourceTree = "<group>"; };
		11EE969D246DA3DB0090F8DB /* FoodView.swift */ = {isa = PBXFileReference; lastKnownFileType = sourcecode.swift; path = FoodView.swift; sourceTree = "<group>"; };
		11EE96A1246DA6C90090F8DB /* Train.swift */ = {isa = PBXFileReference; lastKnownFileType = sourcecode.swift; path = Train.swift; sourceTree = "<group>"; };
		11F567A424630B8E00E606EA /* WaterBalance.app */ = {isa = PBXFileReference; explicitFileType = wrapper.application; includeInIndex = 0; path = WaterBalance.app; sourceTree = BUILT_PRODUCTS_DIR; };
		11F567A724630B8E00E606EA /* AppDelegate.swift */ = {isa = PBXFileReference; lastKnownFileType = sourcecode.swift; path = AppDelegate.swift; sourceTree = "<group>"; };
		11F567AB24630B8E00E606EA /* MainVC.swift */ = {isa = PBXFileReference; lastKnownFileType = sourcecode.swift; path = MainVC.swift; sourceTree = "<group>"; };
		11F567B024630B9200E606EA /* Assets.xcassets */ = {isa = PBXFileReference; lastKnownFileType = folder.assetcatalog; path = Assets.xcassets; sourceTree = "<group>"; };
		11F567B324630B9200E606EA /* Base */ = {isa = PBXFileReference; lastKnownFileType = file.storyboard; name = Base; path = Base.lproj/LaunchScreen.storyboard; sourceTree = "<group>"; };
		11F567B524630B9200E606EA /* Info.plist */ = {isa = PBXFileReference; lastKnownFileType = text.plist.xml; path = Info.plist; sourceTree = "<group>"; };
		11F567BB24630E9300E606EA /* SettingsVC.swift */ = {isa = PBXFileReference; lastKnownFileType = sourcecode.swift; path = SettingsVC.swift; sourceTree = "<group>"; };
/* End PBXFileReference section */

/* Begin PBXFrameworksBuildPhase section */
		11F567A124630B8E00E606EA /* Frameworks */ = {
			isa = PBXFrameworksBuildPhase;
			buildActionMask = 2147483647;
			files = (
			);
			runOnlyForDeploymentPostprocessing = 0;
		};
/* End PBXFrameworksBuildPhase section */

/* Begin PBXGroup section */
		117ED4C924657939001576EA /* MainVC */ = {
			isa = PBXGroup;
			children = (
				11F567AB24630B8E00E606EA /* MainVC.swift */,
				110B53262464861B002B33BF /* DayInfoContainerView.swift */,
				110B532824649627002B33BF /* DayProgressContainerView.swift */,
				110B532A24649682002B33BF /* BannersView.swift */,
				1197ACA52465CE90004BA7D4 /* BannersViewScrollDelegate.swift */,
				1197ACA72465CEC4004BA7D4 /* BannersViewExtension.swift */,
			);
			path = MainVC;
			sourceTree = "<group>";
		};
		11973C092468465700080A4A /* Settings */ = {
			isa = PBXGroup;
			children = (
				11F567BB24630E9300E606EA /* SettingsVC.swift */,
				11DE3A8A2466D31F00B6DDAF /* PersonalInformationVC.swift */,
				11EE9694246D90040090F8DB /* DayTimeVC.swift */,
				11A9612F246EB9A30058DF29 /* NotificationsVC.swift */,
				11A96131246EDAF20058DF29 /* CountriesVC.swift */,
				11A96133246EE5DB0058DF29 /* LanguageVC.swift */,
			);
			path = Settings;
			sourceTree = "<group>";
		};
		1197ACA224658B3B004BA7D4 /* Model */ = {
			isa = PBXGroup;
			children = (
				1197ACA324658B50004BA7D4 /* BannersViewModel.swift */,
			);
			path = Model;
			sourceTree = "<group>";
		};
		11CA63282463664400A16B02 /* Support Files */ = {
			isa = PBXGroup;
			children = (
				11F567B024630B9200E606EA /* Assets.xcassets */,
				11F567B224630B9200E606EA /* LaunchScreen.storyboard */,
			);
			path = "Support Files";
			sourceTree = "<group>";
		};
		11CA632B24636CFF00A16B02 /* Views */ = {
			isa = PBXGroup;
			children = (
				11DE3A8E2466D44700B6DDAF /* Cell */,
				11DE3A892466D2F400B6DDAF /* SettingsVC */,
				11EB83E02464652600204DCC /* ConstraintsExtension.swift */,
			);
			path = Views;
			sourceTree = "<group>";
		};
		11DE3A892466D2F400B6DDAF /* SettingsVC */ = {
			isa = PBXGroup;
			children = (
				11EE9696246D96080090F8DB /* DayTime */,
			);
			path = SettingsVC;
			sourceTree = "<group>";
		};
		11DE3A8E2466D44700B6DDAF /* Cell */ = {
			isa = PBXGroup;
			children = (
				11DE3A8C2466D3AB00B6DDAF /* BaseCell.swift */,
				11EE969B246D985E0090F8DB /* BaseCollectionCell.swift */,
				11DE3A8F2466D47B00B6DDAF /* SettingsCell.swift */,
				118E73952469F46000DEFC43 /* SettingsCollecionCell.swift */,
				11EE9690246D84660090F8DB /* SettingsCellSwitch.swift */,
				11EE9692246D89110090F8DB /* SaveCell.swift */,
				11EE9699246D97540090F8DB /* TitleCell.swift */,
			);
			path = Cell;
			sourceTree = "<group>";
		};
		11EE968F246D82DD0090F8DB /* Profile */ = {
			isa = PBXGroup;
			children = (
				11CA63262463663500A16B02 /* ProfileVC.swift */,
			);
			path = Profile;
			sourceTree = "<group>";
		};
		11EE9696246D96080090F8DB /* DayTime */ = {
			isa = PBXGroup;
			children = (
				11EE9697246D96250090F8DB /* SleepView.swift */,
				11EE969D246DA3DB0090F8DB /* FoodView.swift */,
				11EE96A1246DA6C90090F8DB /* Train.swift */,
			);
			path = DayTime;
			sourceTree = "<group>";
		};
		11F5679B24630B8E00E606EA = {
			isa = PBXGroup;
			children = (
				11CA632C24636D7E00A16B02 /* Default-568h@2x.png */,
				11F567A624630B8E00E606EA /* WaterBalance */,
				11F567A524630B8E00E606EA /* Products */,
			);
			sourceTree = "<group>";
		};
		11F567A524630B8E00E606EA /* Products */ = {
			isa = PBXGroup;
			children = (
				11F567A424630B8E00E606EA /* WaterBalance.app */,
			);
			name = Products;
			sourceTree = "<group>";
		};
		11F567A624630B8E00E606EA /* WaterBalance */ = {
			isa = PBXGroup;
			children = (
				11F567A724630B8E00E606EA /* AppDelegate.swift */,
				117ED4C924657939001576EA /* MainVC */,
				11EE968F246D82DD0090F8DB /* Profile */,
				11973C092468465700080A4A /* Settings */,
				11CA632B24636CFF00A16B02 /* Views */,
				1197ACA224658B3B004BA7D4 /* Model */,
				11CA63282463664400A16B02 /* Support Files */,
				11F567B524630B9200E606EA /* Info.plist */,
			);
			path = WaterBalance;
			sourceTree = "<group>";
		};
/* End PBXGroup section */

/* Begin PBXNativeTarget section */
		11F567A324630B8E00E606EA /* WaterBalance */ = {
			isa = PBXNativeTarget;
			buildConfigurationList = 11F567B824630B9200E606EA /* Build configuration list for PBXNativeTarget "WaterBalance" */;
			buildPhases = (
				11F567A024630B8E00E606EA /* Sources */,
				11F567A124630B8E00E606EA /* Frameworks */,
				11F567A224630B8E00E606EA /* Resources */,
			);
			buildRules = (
			);
			dependencies = (
			);
			name = WaterBalance;
			productName = WaterBalance;
			productReference = 11F567A424630B8E00E606EA /* WaterBalance.app */;
			productType = "com.apple.product-type.application";
		};
/* End PBXNativeTarget section */

/* Begin PBXProject section */
		11F5679C24630B8E00E606EA /* Project object */ = {
			isa = PBXProject;
			attributes = {
				LastSwiftUpdateCheck = 1140;
				LastUpgradeCheck = 1140;
				ORGANIZATIONNAME = "Nikita Glushchenko";
				TargetAttributes = {
					11F567A324630B8E00E606EA = {
						CreatedOnToolsVersion = 11.4.1;
					};
				};
			};
			buildConfigurationList = 11F5679F24630B8E00E606EA /* Build configuration list for PBXProject "WaterBalance" */;
			compatibilityVersion = "Xcode 9.3";
			developmentRegion = en;
			hasScannedForEncodings = 0;
			knownRegions = (
				en,
				Base,
			);
			mainGroup = 11F5679B24630B8E00E606EA;
			productRefGroup = 11F567A524630B8E00E606EA /* Products */;
			projectDirPath = "";
			projectRoot = "";
			targets = (
				11F567A324630B8E00E606EA /* WaterBalance */,
			);
		};
/* End PBXProject section */

/* Begin PBXResourcesBuildPhase section */
		11F567A224630B8E00E606EA /* Resources */ = {
			isa = PBXResourcesBuildPhase;
			buildActionMask = 2147483647;
			files = (
				11F567B424630B9200E606EA /* LaunchScreen.storyboard in Resources */,
				11F567B124630B9200E606EA /* Assets.xcassets in Resources */,
				11CA632D24636D7E00A16B02 /* Default-568h@2x.png in Resources */,
			);
			runOnlyForDeploymentPostprocessing = 0;
		};
/* End PBXResourcesBuildPhase section */

/* Begin PBXSourcesBuildPhase section */
		11F567A024630B8E00E606EA /* Sources */ = {
			isa = PBXSourcesBuildPhase;
			buildActionMask = 2147483647;
			files = (
				1197ACA82465CEC4004BA7D4 /* BannersViewExtension.swift in Sources */,
				11CA63272463663500A16B02 /* ProfileVC.swift in Sources */,
				11EB83E12464652600204DCC /* ConstraintsExtension.swift in Sources */,
				110B532B24649682002B33BF /* BannersView.swift in Sources */,
				110B532924649627002B33BF /* DayProgressContainerView.swift in Sources */,
				1197ACA62465CE90004BA7D4 /* BannersViewScrollDelegate.swift in Sources */,
				11DE3A8B2466D31F00B6DDAF /* PersonalInformationVC.swift in Sources */,
				11F567AC24630B8E00E606EA /* MainVC.swift in Sources */,
				11A96134246EE5DB0058DF29 /* LanguageVC.swift in Sources */,
				11F567A824630B8E00E606EA /* AppDelegate.swift in Sources */,
				11DE3A8D2466D3AB00B6DDAF /* BaseCell.swift in Sources */,
				11EE9693246D89110090F8DB /* SaveCell.swift in Sources */,
				11EE9698246D96250090F8DB /* SleepView.swift in Sources */,
				11EE969A246D97540090F8DB /* TitleCell.swift in Sources */,
				11EE969C246D985E0090F8DB /* BaseCollectionCell.swift in Sources */,
				11A96132246EDAF20058DF29 /* CountriesVC.swift in Sources */,
				11EE969E246DA3DB0090F8DB /* FoodView.swift in Sources */,
				11EE9695246D90040090F8DB /* DayTimeVC.swift in Sources */,
				1197ACA424658B50004BA7D4 /* BannersViewModel.swift in Sources */,
				11F567BC24630E9300E606EA /* SettingsVC.swift in Sources */,
				11EE9691246D84660090F8DB /* SettingsCellSwitch.swift in Sources */,
				11A96130246EB9A30058DF29 /* NotificationsVC.swift in Sources */,
				110B53272464861B002B33BF /* DayInfoContainerView.swift in Sources */,
				11DE3A902466D47B00B6DDAF /* SettingsCell.swift in Sources */,
				118E73962469F46000DEFC43 /* SettingsCollecionCell.swift in Sources */,
				11EE96A2246DA6C90090F8DB /* Train.swift in Sources */,
			);
			runOnlyForDeploymentPostprocessing = 0;
		};
/* End PBXSourcesBuildPhase section */

/* Begin PBXVariantGroup section */
		11F567B224630B9200E606EA /* LaunchScreen.storyboard */ = {
			isa = PBXVariantGroup;
			children = (
				11F567B324630B9200E606EA /* Base */,
			);
			name = LaunchScreen.storyboard;
			sourceTree = "<group>";
		};
/* End PBXVariantGroup section */

/* Begin XCBuildConfiguration section */
		11F567B624630B9200E606EA /* Debug */ = {
			isa = XCBuildConfiguration;
			buildSettings = {
				ALWAYS_SEARCH_USER_PATHS = NO;
				CLANG_ANALYZER_NONNULL = YES;
				CLANG_ANALYZER_NUMBER_OBJECT_CONVERSION = YES_AGGRESSIVE;
				CLANG_CXX_LANGUAGE_STANDARD = "gnu++14";
				CLANG_CXX_LIBRARY = "libc++";
				CLANG_ENABLE_MODULES = YES;
				CLANG_ENABLE_OBJC_ARC = YES;
				CLANG_ENABLE_OBJC_WEAK = YES;
				CLANG_WARN_BLOCK_CAPTURE_AUTORELEASING = YES;
				CLANG_WARN_BOOL_CONVERSION = YES;
				CLANG_WARN_COMMA = YES;
				CLANG_WARN_CONSTANT_CONVERSION = YES;
				CLANG_WARN_DEPRECATED_OBJC_IMPLEMENTATIONS = YES;
				CLANG_WARN_DIRECT_OBJC_ISA_USAGE = YES_ERROR;
				CLANG_WARN_DOCUMENTATION_COMMENTS = YES;
				CLANG_WARN_EMPTY_BODY = YES;
				CLANG_WARN_ENUM_CONVERSION = YES;
				CLANG_WARN_INFINITE_RECURSION = YES;
				CLANG_WARN_INT_CONVERSION = YES;
				CLANG_WARN_NON_LITERAL_NULL_CONVERSION = YES;
				CLANG_WARN_OBJC_IMPLICIT_RETAIN_SELF = YES;
				CLANG_WARN_OBJC_LITERAL_CONVERSION = YES;
				CLANG_WARN_OBJC_ROOT_CLASS = YES_ERROR;
				CLANG_WARN_RANGE_LOOP_ANALYSIS = YES;
				CLANG_WARN_STRICT_PROTOTYPES = YES;
				CLANG_WARN_SUSPICIOUS_MOVE = YES;
				CLANG_WARN_UNGUARDED_AVAILABILITY = YES_AGGRESSIVE;
				CLANG_WARN_UNREACHABLE_CODE = YES;
				CLANG_WARN__DUPLICATE_METHOD_MATCH = YES;
				COPY_PHASE_STRIP = NO;
				DEBUG_INFORMATION_FORMAT = dwarf;
				ENABLE_STRICT_OBJC_MSGSEND = YES;
				ENABLE_TESTABILITY = YES;
				GCC_C_LANGUAGE_STANDARD = gnu11;
				GCC_DYNAMIC_NO_PIC = NO;
				GCC_NO_COMMON_BLOCKS = YES;
				GCC_OPTIMIZATION_LEVEL = 0;
				GCC_PREPROCESSOR_DEFINITIONS = (
					"DEBUG=1",
					"$(inherited)",
				);
				GCC_WARN_64_TO_32_BIT_CONVERSION = YES;
				GCC_WARN_ABOUT_RETURN_TYPE = YES_ERROR;
				GCC_WARN_UNDECLARED_SELECTOR = YES;
				GCC_WARN_UNINITIALIZED_AUTOS = YES_AGGRESSIVE;
				GCC_WARN_UNUSED_FUNCTION = YES;
				GCC_WARN_UNUSED_VARIABLE = YES;
				IPHONEOS_DEPLOYMENT_TARGET = 13.4;
				MTL_ENABLE_DEBUG_INFO = INCLUDE_SOURCE;
				MTL_FAST_MATH = YES;
				ONLY_ACTIVE_ARCH = YES;
				SDKROOT = iphoneos;
				SWIFT_ACTIVE_COMPILATION_CONDITIONS = DEBUG;
				SWIFT_OPTIMIZATION_LEVEL = "-Onone";
			};
			name = Debug;
		};
		11F567B724630B9200E606EA /* Release */ = {
			isa = XCBuildConfiguration;
			buildSettings = {
				ALWAYS_SEARCH_USER_PATHS = NO;
				CLANG_ANALYZER_NONNULL = YES;
				CLANG_ANALYZER_NUMBER_OBJECT_CONVERSION = YES_AGGRESSIVE;
				CLANG_CXX_LANGUAGE_STANDARD = "gnu++14";
				CLANG_CXX_LIBRARY = "libc++";
				CLANG_ENABLE_MODULES = YES;
				CLANG_ENABLE_OBJC_ARC = YES;
				CLANG_ENABLE_OBJC_WEAK = YES;
				CLANG_WARN_BLOCK_CAPTURE_AUTORELEASING = YES;
				CLANG_WARN_BOOL_CONVERSION = YES;
				CLANG_WARN_COMMA = YES;
				CLANG_WARN_CONSTANT_CONVERSION = YES;
				CLANG_WARN_DEPRECATED_OBJC_IMPLEMENTATIONS = YES;
				CLANG_WARN_DIRECT_OBJC_ISA_USAGE = YES_ERROR;
				CLANG_WARN_DOCUMENTATION_COMMENTS = YES;
				CLANG_WARN_EMPTY_BODY = YES;
				CLANG_WARN_ENUM_CONVERSION = YES;
				CLANG_WARN_INFINITE_RECURSION = YES;
				CLANG_WARN_INT_CONVERSION = YES;
				CLANG_WARN_NON_LITERAL_NULL_CONVERSION = YES;
				CLANG_WARN_OBJC_IMPLICIT_RETAIN_SELF = YES;
				CLANG_WARN_OBJC_LITERAL_CONVERSION = YES;
				CLANG_WARN_OBJC_ROOT_CLASS = YES_ERROR;
				CLANG_WARN_RANGE_LOOP_ANALYSIS = YES;
				CLANG_WARN_STRICT_PROTOTYPES = YES;
				CLANG_WARN_SUSPICIOUS_MOVE = YES;
				CLANG_WARN_UNGUARDED_AVAILABILITY = YES_AGGRESSIVE;
				CLANG_WARN_UNREACHABLE_CODE = YES;
				CLANG_WARN__DUPLICATE_METHOD_MATCH = YES;
				COPY_PHASE_STRIP = NO;
				DEBUG_INFORMATION_FORMAT = "dwarf-with-dsym";
				ENABLE_NS_ASSERTIONS = NO;
				ENABLE_STRICT_OBJC_MSGSEND = YES;
				GCC_C_LANGUAGE_STANDARD = gnu11;
				GCC_NO_COMMON_BLOCKS = YES;
				GCC_WARN_64_TO_32_BIT_CONVERSION = YES;
				GCC_WARN_ABOUT_RETURN_TYPE = YES_ERROR;
				GCC_WARN_UNDECLARED_SELECTOR = YES;
				GCC_WARN_UNINITIALIZED_AUTOS = YES_AGGRESSIVE;
				GCC_WARN_UNUSED_FUNCTION = YES;
				GCC_WARN_UNUSED_VARIABLE = YES;
				IPHONEOS_DEPLOYMENT_TARGET = 13.4;
				MTL_ENABLE_DEBUG_INFO = NO;
				MTL_FAST_MATH = YES;
				SDKROOT = iphoneos;
				SWIFT_COMPILATION_MODE = wholemodule;
				SWIFT_OPTIMIZATION_LEVEL = "-O";
				VALIDATE_PRODUCT = YES;
			};
			name = Release;
		};
		11F567B924630B9200E606EA /* Debug */ = {
			isa = XCBuildConfiguration;
			buildSettings = {
				ASSETCATALOG_COMPILER_APPICON_NAME = AppIcon;
				CODE_SIGN_STYLE = Automatic;
				DEVELOPMENT_TEAM = SV29KXS645;
				INFOPLIST_FILE = WaterBalance/Info.plist;
				LD_RUNPATH_SEARCH_PATHS = (
					"$(inherited)",
					"@executable_path/Frameworks",
				);
				PRODUCT_BUNDLE_IDENTIFIER = glushchenko.nikita.WaterBalance;
				PRODUCT_NAME = "$(TARGET_NAME)";
				SWIFT_VERSION = 5.0;
				TARGETED_DEVICE_FAMILY = "1,2";
			};
			name = Debug;
		};
		11F567BA24630B9200E606EA /* Release */ = {
			isa = XCBuildConfiguration;
			buildSettings = {
				ASSETCATALOG_COMPILER_APPICON_NAME = AppIcon;
				CODE_SIGN_STYLE = Automatic;
				DEVELOPMENT_TEAM = SV29KXS645;
				INFOPLIST_FILE = WaterBalance/Info.plist;
				LD_RUNPATH_SEARCH_PATHS = (
					"$(inherited)",
					"@executable_path/Frameworks",
				);
				PRODUCT_BUNDLE_IDENTIFIER = glushchenko.nikita.WaterBalance;
				PRODUCT_NAME = "$(TARGET_NAME)";
				SWIFT_VERSION = 5.0;
				TARGETED_DEVICE_FAMILY = "1,2";
			};
			name = Release;
		};
/* End XCBuildConfiguration section */

/* Begin XCConfigurationList section */
		11F5679F24630B8E00E606EA /* Build configuration list for PBXProject "WaterBalance" */ = {
			isa = XCConfigurationList;
			buildConfigurations = (
				11F567B624630B9200E606EA /* Debug */,
				11F567B724630B9200E606EA /* Release */,
			);
			defaultConfigurationIsVisible = 0;
			defaultConfigurationName = Release;
		};
		11F567B824630B9200E606EA /* Build configuration list for PBXNativeTarget "WaterBalance" */ = {
			isa = XCConfigurationList;
			buildConfigurations = (
				11F567B924630B9200E606EA /* Debug */,
				11F567BA24630B9200E606EA /* Release */,
			);
			defaultConfigurationIsVisible = 0;
			defaultConfigurationName = Release;
		};
/* End XCConfigurationList section */
	};
	rootObject = 11F5679C24630B8E00E606EA /* Project object */;
}
